
Microsoft Visual Studio Solution File, Format Version 12.00
# Visual Studio 15
VisualStudioVersion = 15.0.27703.2042
MinimumVisualStudioVersion = 10.0.40219.1
Project("{8BC9CEB8-8B4A-11D0-8D11-00A0C91BC942}") = "SwarmOptimizationVisualization", "SwarmOptimizationVisualization\SwarmOptimizationVisualization.vcxproj", "{ABAD79EA-9654-4C4B-B481-F0BD45A20138}"
EndProject
Global
	GlobalSection(SolutionConfigurationPlatforms) = preSolution
		Debug|x64 = Debug|x64
		Debug|x86 = Debug|x86
		Release|x64 = Release|x64
		Release|x86 = Release|x86
	EndGlobalSection
	GlobalSection(ProjectConfigurationPlatforms) = postSolution
		{ABAD79EA-9654-4C4B-B481-F0BD45A20138}.Debug|x64.ActiveCfg = Debug|x64
		{ABAD79EA-9654-4C4B-B481-F0BD45A20138}.Debug|x64.Build.0 = Debug|x64
		{ABAD79EA-9654-4C4B-B481-F0BD45A20138}.Debug|x86.ActiveCfg = Debug|Win32
		{ABAD79EA-9654-4C4B-B481-F0BD45A20138}.Debug|x86.Build.0 = Debug|Win32
		{ABAD79EA-9654-4C4B-B481-F0BD45A20138}.Release|x64.ActiveCfg = Release|x64
		{ABAD79EA-9654-4C4B-B481-F0BD45A20138}.Release|x64.Build.0 = Release|x64
		{ABAD79EA-9654-4C4B-B481-F0BD45A20138}.Release|x86.ActiveCfg = Release|Win32
		{ABAD79EA-9654-4C4B-B481-F0BD45A20138}.Release|x86.Build.0 = Release|Win32
	EndGlobalSection
	GlobalSection(SolutionProperties) = preSolution
		HideSolutionNode = FALSE
	EndGlobalSection
	GlobalSection(ExtensibilityGlobals) = postSolution
		SolutionGuid = {90BECA77-2F58-4746-B374-B6709725CAC6}
	EndGlobalSection
EndGlobal
